
Microsoft Visual Studio Solution File, Format Version 12.00
# Visual Studio Version 17
VisualStudioVersion = 17.0.32014.148
MinimumVisualStudioVersion = 10.0.40219.1
Project("{9A19103F-16F7-4668-BE54-9A1E7A4F7556}") = "ConsoleDesignPatterns.Visitor", "ConsoleDesignPatterns.Visitor\ConsoleDesignPatterns.Visitor.csproj", "{6F163AD3-1F1F-4E2D-8A9B-8F6A7FD725A6}"
EndProject
Project("{FAE04EC0-301F-11D3-BF4B-00C04F79EFBC}") = "ConsoleDesignPatterns.Stategy", "ConsoleDesignPatterns.Stategy\ConsoleDesignPatterns.Stategy.csproj", "{0DA6D63D-8117-4627-8F35-AED064873489}"
EndProject
Global
	GlobalSection(SolutionConfigurationPlatforms) = preSolution
		Debug|Any CPU = Debug|Any CPU
		Release|Any CPU = Release|Any CPU
	EndGlobalSection
	GlobalSection(ProjectConfigurationPlatforms) = postSolution
		{6F163AD3-1F1F-4E2D-8A9B-8F6A7FD725A6}.Debug|Any CPU.ActiveCfg = Debug|Any CPU
		{6F163AD3-1F1F-4E2D-8A9B-8F6A7FD725A6}.Debug|Any CPU.Build.0 = Debug|Any CPU
		{6F163AD3-1F1F-4E2D-8A9B-8F6A7FD725A6}.Release|Any CPU.ActiveCfg = Release|Any CPU
		{6F163AD3-1F1F-4E2D-8A9B-8F6A7FD725A6}.Release|Any CPU.Build.0 = Release|Any CPU
		{0DA6D63D-8117-4627-8F35-AED064873489}.Debug|Any CPU.ActiveCfg = Debug|Any CPU
		{0DA6D63D-8117-4627-8F35-AED064873489}.Debug|Any CPU.Build.0 = Debug|Any CPU
		{0DA6D63D-8117-4627-8F35-AED064873489}.Release|Any CPU.ActiveCfg = Release|Any CPU
		{0DA6D63D-8117-4627-8F35-AED064873489}.Release|Any CPU.Build.0 = Release|Any CPU
	EndGlobalSection
	GlobalSection(SolutionProperties) = preSolution
		HideSolutionNode = FALSE
	EndGlobalSection
	GlobalSection(ExtensibilityGlobals) = postSolution
		SolutionGuid = {CD849D75-B030-46F7-B5A6-2BDB55D8DA3A}
	EndGlobalSection
EndGlobal
